
Microsoft Visual Studio Solution File, Format Version 12.00
# Visual Studio Version 17
VisualStudioVersion = 17.0.31903.59
MinimumVisualStudioVersion = 10.0.40219.1
Project("{FAE04EC0-301F-11D3-BF4B-00C04F79EFBC}") = "HelloWorld", "HelloWorld\HelloWorld.csproj", "{58691428-400B-4A84-9027-CC82DD8AB982}"
EndProject
Project("{FAE04EC0-301F-11D3-BF4B-00C04F79EFBC}") = "Week1ConsoleType", "Week1ConsoleType\Week1ConsoleType.csproj", "{22766402-17C9-4D03-A45E-E2FDB706C058}"
EndProject
Project("{FAE04EC0-301F-11D3-BF4B-00C04F79EFBC}") = "Week1ParsingConsoleInput", "Week1ParsingConsoleInput\Week1ParsingConsoleInput.csproj", "{912CEA84-6866-4552-AE75-2D3C966B81C0}"
EndProject
Global
	GlobalSection(SolutionConfigurationPlatforms) = preSolution
		Debug|Any CPU = Debug|Any CPU
		Release|Any CPU = Release|Any CPU
	EndGlobalSection
	GlobalSection(SolutionProperties) = preSolution
		HideSolutionNode = FALSE
	EndGlobalSection
	GlobalSection(ProjectConfigurationPlatforms) = postSolution
		{58691428-400B-4A84-9027-CC82DD8AB982}.Debug|Any CPU.ActiveCfg = Debug|Any CPU
		{58691428-400B-4A84-9027-CC82DD8AB982}.Debug|Any CPU.Build.0 = Debug|Any CPU
		{58691428-400B-4A84-9027-CC82DD8AB982}.Release|Any CPU.ActiveCfg = Release|Any CPU
		{58691428-400B-4A84-9027-CC82DD8AB982}.Release|Any CPU.Build.0 = Release|Any CPU
		{22766402-17C9-4D03-A45E-E2FDB706C058}.Debug|Any CPU.ActiveCfg = Debug|Any CPU
		{22766402-17C9-4D03-A45E-E2FDB706C058}.Debug|Any CPU.Build.0 = Debug|Any CPU
		{22766402-17C9-4D03-A45E-E2FDB706C058}.Release|Any CPU.ActiveCfg = Release|Any CPU
		{22766402-17C9-4D03-A45E-E2FDB706C058}.Release|Any CPU.Build.0 = Release|Any CPU
		{912CEA84-6866-4552-AE75-2D3C966B81C0}.Debug|Any CPU.ActiveCfg = Debug|Any CPU
		{912CEA84-6866-4552-AE75-2D3C966B81C0}.Debug|Any CPU.Build.0 = Debug|Any CPU
		{912CEA84-6866-4552-AE75-2D3C966B81C0}.Release|Any CPU.ActiveCfg = Release|Any CPU
		{912CEA84-6866-4552-AE75-2D3C966B81C0}.Release|Any CPU.Build.0 = Release|Any CPU
	EndGlobalSection
EndGlobal
